
Microsoft Visual Studio Solution File, Format Version 12.00
# Visual Studio Version 16
VisualStudioVersion = 16.0.29306.81
MinimumVisualStudioVersion = 10.0.40219.1
Project("{FAE04EC0-301F-11D3-BF4B-00C04F79EFBC}") = "ConsoleTrello", "ConsoleTrello\ConsoleTrello.csproj", "{746BBB06-FDEC-40CD-9070-C99B87F75615}"
EndProject
Project("{FAE04EC0-301F-11D3-BF4B-00C04F79EFBC}") = "WinFormsTrello", "TrelloWinForms\WinFormsTrello.csproj", "{43BB43EF-54E9-4603-B0DC-E16454391DFD}"
EndProject
Global
	GlobalSection(SolutionConfigurationPlatforms) = preSolution
		Debug|Any CPU = Debug|Any CPU
		Release|Any CPU = Release|Any CPU
	EndGlobalSection
	GlobalSection(ProjectConfigurationPlatforms) = postSolution
		{746BBB06-FDEC-40CD-9070-C99B87F75615}.Debug|Any CPU.ActiveCfg = Debug|Any CPU
		{746BBB06-FDEC-40CD-9070-C99B87F75615}.Debug|Any CPU.Build.0 = Debug|Any CPU
		{746BBB06-FDEC-40CD-9070-C99B87F75615}.Release|Any CPU.ActiveCfg = Release|Any CPU
		{746BBB06-FDEC-40CD-9070-C99B87F75615}.Release|Any CPU.Build.0 = Release|Any CPU
		{43BB43EF-54E9-4603-B0DC-E16454391DFD}.Debug|Any CPU.ActiveCfg = Debug|Any CPU
		{43BB43EF-54E9-4603-B0DC-E16454391DFD}.Debug|Any CPU.Build.0 = Debug|Any CPU
		{43BB43EF-54E9-4603-B0DC-E16454391DFD}.Release|Any CPU.ActiveCfg = Release|Any CPU
		{43BB43EF-54E9-4603-B0DC-E16454391DFD}.Release|Any CPU.Build.0 = Release|Any CPU
	EndGlobalSection
	GlobalSection(SolutionProperties) = preSolution
		HideSolutionNode = FALSE
	EndGlobalSection
	GlobalSection(ExtensibilityGlobals) = postSolution
		SolutionGuid = {C0C4B5A5-819C-41C7-925D-40B69D5B51BC}
	EndGlobalSection
EndGlobal
